<?xml version="1.0" encoding="utf-8"?>
<Project ToolsVersion="4.0" xmlns="http://schemas.microsoft.com/developer/msbuild/2003">
  <ItemGroup>
    <Filter Include="Source Files">
      <UniqueIdentifier>{d10f867a-f681-4b55-ac80-3f670964b522}</UniqueIdentifier>
      <Extensions>cpp;c;cxx;rc;def;r;odl;idl;hpj;bat;for;f90</Extensions>
    </Filter>
    <Filter Include="Header Files">
      <UniqueIdentifier>{10b4378d-f276-442d-aadc-22d569e781fa}</UniqueIdentifier>
      <Extensions>h;hpp;hxx;hm;inl;fi;fd</Extensions>
    </Filter>
  </ItemGroup>
  <ItemGroup>
    <ClCompile Include="..\src\server\fg_server.cxx">
      <Filter>Source Files</Filter>
    </ClCompile>
    <ClCompile Include="..\src\server\fg_tracker.cxx">
      <Filter>Source Files</Filter>
    </ClCompile>
    <ClCompile Include="..\src\server\fg_config.cxx">
      <Filter>Source Files</Filter>
    </ClCompile>
    <ClCompile Include="..\src\server\daemon.cxx">
      <Filter>Source Files</Filter>
    </ClCompile>
    <ClCompile Include="..\src\server\fg_geometry.cxx">
      <Filter>Source Files</Filter>
    </ClCompile>
  </ItemGroup>
  <ItemGroup>
    <ClInclude Include="..\src\server\fg_server.hxx">
      <Filter>Header Files</Filter>
    </ClInclude>
    <ClInclude Include="..\src\server\fg_tracker.hxx">
      <Filter>Header Files</Filter>
    </ClInclude>
    <ClInclude Include="..\src\server\fg_config.hxx">
      <Filter>Header Files</Filter>
    </ClInclude>
    <ClInclude Include="..\src\server\daemon.hxx">
      <Filter>Header Files</Filter>
    </ClInclude>
    <ClInclude Include="..\src\server\typcnvt.hxx">
      <Filter>Header Files</Filter>
    </ClInclude>
    <ClInclude Include="..\src\server\common.h">
      <Filter>Header Files</Filter>
    </ClInclude>
    <ClInclude Include="..\src\server\fg_geometry.hxx">
      <Filter>Header Files</Filter>
    </ClInclude>
    <ClInclude Include="..\src\plib\netSocket.h">
      <Filter>Header Files</Filter>
    </ClInclude>
    <ClInclude Include="..\src\flightgear\MultiPlayer\mpmessages.hxx">
      <Filter>Header Files</Filter>
    </ClInclude>
    <ClInclude Include="unistd.h">
      <Filter>Header Files</Filter>
    </ClInclude>
    <ClInclude Include="..\src\simgear\math\SGMath.hxx">
      <Filter>Header Files</Filter>
    </ClInclude>
    <ClInclude Include="..\contrib\fgtracker\common.h">
      <Filter>Header Files</Filter>
    </ClInclude>
    <ClInclude Include="..\contrib\fgtracker\error.h">
      <Filter>Header Files</Filter>
    </ClInclude>
  </ItemGroup>
</Project>